
Microsoft Visual Studio Solution File, Format Version 12.00
# Visual Studio Version 16
VisualStudioVersion = 16.0.31515.178
MinimumVisualStudioVersion = 10.0.40219.1
Project("{9A19103F-16F7-4668-BE54-9A1E7A4F7556}") = "MakerHub.API", "MakerHub.API\MakerHub.API.csproj", "{AB651363-019F-4BFA-A2C0-65F1E1E446E1}"
EndProject
Project("{9A19103F-16F7-4668-BE54-9A1E7A4F7556}") = "MakerHub.DAL", "MakerHub.DAL\MakerHub.DAL.csproj", "{4921BBFE-03C8-47E0-A82E-BA3D52D0A7F1}"
EndProject
Global
	GlobalSection(SolutionConfigurationPlatforms) = preSolution
		Debug|Any CPU = Debug|Any CPU
		Release|Any CPU = Release|Any CPU
	EndGlobalSection
	GlobalSection(ProjectConfigurationPlatforms) = postSolution
		{AB651363-019F-4BFA-A2C0-65F1E1E446E1}.Debug|Any CPU.ActiveCfg = Debug|Any CPU
		{AB651363-019F-4BFA-A2C0-65F1E1E446E1}.Debug|Any CPU.Build.0 = Debug|Any CPU
		{AB651363-019F-4BFA-A2C0-65F1E1E446E1}.Release|Any CPU.ActiveCfg = Release|Any CPU
		{AB651363-019F-4BFA-A2C0-65F1E1E446E1}.Release|Any CPU.Build.0 = Release|Any CPU
		{4921BBFE-03C8-47E0-A82E-BA3D52D0A7F1}.Debug|Any CPU.ActiveCfg = Debug|Any CPU
		{4921BBFE-03C8-47E0-A82E-BA3D52D0A7F1}.Debug|Any CPU.Build.0 = Debug|Any CPU
		{4921BBFE-03C8-47E0-A82E-BA3D52D0A7F1}.Release|Any CPU.ActiveCfg = Release|Any CPU
		{4921BBFE-03C8-47E0-A82E-BA3D52D0A7F1}.Release|Any CPU.Build.0 = Release|Any CPU
	EndGlobalSection
	GlobalSection(SolutionProperties) = preSolution
		HideSolutionNode = FALSE
	EndGlobalSection
	GlobalSection(ExtensibilityGlobals) = postSolution
		SolutionGuid = {063E3E3A-2A9C-4402-86F7-0C27631CA14A}
	EndGlobalSection
EndGlobal
